
Microsoft Visual Studio Solution File, Format Version 12.00
# Visual Studio 2012
Project("{FAE04EC0-301F-11D3-BF4B-00C04F79EFBC}") = "ManpowerManageWeb", "SampleWeb\ManpowerManageWeb.csproj", "{33C516C0-136E-4295-A957-86FC71DA7820}"
EndProject
Project("{FAE04EC0-301F-11D3-BF4B-00C04F79EFBC}") = "ManpowerManage.View", "SampleMVP.View\ManpowerManage.View.csproj", "{6370745F-7FC3-4959-B6A9-15D5FDC5EB80}"
EndProject
Project("{FAE04EC0-301F-11D3-BF4B-00C04F79EFBC}") = "ManpowerManage.Presenter", "SampleMVP.Presenter\ManpowerManage.Presenter.csproj", "{4CC32DD4-6D62-46A9-A87F-5753A5265610}"
EndProject
Project("{FAE04EC0-301F-11D3-BF4B-00C04F79EFBC}") = "ManpowerManage.Model", "SampleMVP.Model\ManpowerManage.Model.csproj", "{D8BF766B-07A0-48E2-95E9-E3019BF16A98}"
EndProject
Project("{FAE04EC0-301F-11D3-BF4B-00C04F79EFBC}") = "ManpowerManage.Entity", "SampleMVP.Entity\ManpowerManage.Entity.csproj", "{D00315CE-2FCA-4B63-A653-D80A46A770DF}"
EndProject
Project("{FAE04EC0-301F-11D3-BF4B-00C04F79EFBC}") = "ManpowerManage.Utilities", "SampleMVP.Utilities\ManpowerManage.Utilities.csproj", "{2AA9DBE0-D967-46E0-9E4B-2C798C95EA89}"
EndProject
Project("{FAE04EC0-301F-11D3-BF4B-00C04F79EFBC}") = "ManpowerManage.Data", "SampleMVP.Data\ManpowerManage.Data.csproj", "{73851A72-8DEC-45E6-8B55-4ABC2F01B63E}"
EndProject
Global
	GlobalSection(SolutionConfigurationPlatforms) = preSolution
		Debug|Any CPU = Debug|Any CPU
		Release|Any CPU = Release|Any CPU
	EndGlobalSection
	GlobalSection(ProjectConfigurationPlatforms) = postSolution
		{33C516C0-136E-4295-A957-86FC71DA7820}.Debug|Any CPU.ActiveCfg = Debug|Any CPU
		{33C516C0-136E-4295-A957-86FC71DA7820}.Debug|Any CPU.Build.0 = Debug|Any CPU
		{33C516C0-136E-4295-A957-86FC71DA7820}.Release|Any CPU.ActiveCfg = Release|Any CPU
		{33C516C0-136E-4295-A957-86FC71DA7820}.Release|Any CPU.Build.0 = Release|Any CPU
		{6370745F-7FC3-4959-B6A9-15D5FDC5EB80}.Debug|Any CPU.ActiveCfg = Debug|Any CPU
		{6370745F-7FC3-4959-B6A9-15D5FDC5EB80}.Debug|Any CPU.Build.0 = Debug|Any CPU
		{6370745F-7FC3-4959-B6A9-15D5FDC5EB80}.Release|Any CPU.ActiveCfg = Release|Any CPU
		{6370745F-7FC3-4959-B6A9-15D5FDC5EB80}.Release|Any CPU.Build.0 = Release|Any CPU
		{4CC32DD4-6D62-46A9-A87F-5753A5265610}.Debug|Any CPU.ActiveCfg = Debug|Any CPU
		{4CC32DD4-6D62-46A9-A87F-5753A5265610}.Debug|Any CPU.Build.0 = Debug|Any CPU
		{4CC32DD4-6D62-46A9-A87F-5753A5265610}.Release|Any CPU.ActiveCfg = Release|Any CPU
		{4CC32DD4-6D62-46A9-A87F-5753A5265610}.Release|Any CPU.Build.0 = Release|Any CPU
		{D8BF766B-07A0-48E2-95E9-E3019BF16A98}.Debug|Any CPU.ActiveCfg = Debug|Any CPU
		{D8BF766B-07A0-48E2-95E9-E3019BF16A98}.Debug|Any CPU.Build.0 = Debug|Any CPU
		{D8BF766B-07A0-48E2-95E9-E3019BF16A98}.Release|Any CPU.ActiveCfg = Release|Any CPU
		{D8BF766B-07A0-48E2-95E9-E3019BF16A98}.Release|Any CPU.Build.0 = Release|Any CPU
		{D00315CE-2FCA-4B63-A653-D80A46A770DF}.Debug|Any CPU.ActiveCfg = Debug|Any CPU
		{D00315CE-2FCA-4B63-A653-D80A46A770DF}.Debug|Any CPU.Build.0 = Debug|Any CPU
		{D00315CE-2FCA-4B63-A653-D80A46A770DF}.Release|Any CPU.ActiveCfg = Release|Any CPU
		{D00315CE-2FCA-4B63-A653-D80A46A770DF}.Release|Any CPU.Build.0 = Release|Any CPU
		{2AA9DBE0-D967-46E0-9E4B-2C798C95EA89}.Debug|Any CPU.ActiveCfg = Debug|Any CPU
		{2AA9DBE0-D967-46E0-9E4B-2C798C95EA89}.Debug|Any CPU.Build.0 = Debug|Any CPU
		{2AA9DBE0-D967-46E0-9E4B-2C798C95EA89}.Release|Any CPU.ActiveCfg = Release|Any CPU
		{2AA9DBE0-D967-46E0-9E4B-2C798C95EA89}.Release|Any CPU.Build.0 = Release|Any CPU
		{73851A72-8DEC-45E6-8B55-4ABC2F01B63E}.Debug|Any CPU.ActiveCfg = Debug|Any CPU
		{73851A72-8DEC-45E6-8B55-4ABC2F01B63E}.Debug|Any CPU.Build.0 = Debug|Any CPU
		{73851A72-8DEC-45E6-8B55-4ABC2F01B63E}.Release|Any CPU.ActiveCfg = Release|Any CPU
		{73851A72-8DEC-45E6-8B55-4ABC2F01B63E}.Release|Any CPU.Build.0 = Release|Any CPU
	EndGlobalSection
	GlobalSection(SolutionProperties) = preSolution
		HideSolutionNode = FALSE
	EndGlobalSection
EndGlobal
